// !$*UTF8*$!
{
	archiveVersion = 1;
	classes = {
	};
	objectVersion = 46;
	objects = {

/* Begin PBXBuildFile section */
		5B96A2381F69B41F00458BAD /* PartialMock.swift in Sources */ = {isa = PBXBuildFile; fileRef = 5B96A2371F69B41F00458BAD /* PartialMock.swift */; };
		5B96A23A1F69C41500458BAD /* PartialMockMainObject.swift in Sources */ = {isa = PBXBuildFile; fileRef = 5B96A2391F69C41500458BAD /* PartialMockMainObject.swift */; };
		5BA1C95D1F5B55F900E3B669 /* CallTimesVerificator.swift in Sources */ = {isa = PBXBuildFile; fileRef = 5BA1C95C1F5B55F900E3B669 /* CallTimesVerificator.swift */; };
		5BE4226B1F6712B500D762C7 /* Stub.swift in Sources */ = {isa = PBXBuildFile; fileRef = 5BE4226A1F6712B500D762C7 /* Stub.swift */; };
		5BE4226D1F6716DA00D762C7 /* StubAction.swift in Sources */ = {isa = PBXBuildFile; fileRef = 5BE4226C1F6716DA00D762C7 /* StubAction.swift */; };
		5BF2A3481F5B42AD00B4F997 /* AppDelegate.swift in Sources */ = {isa = PBXBuildFile; fileRef = 5BF2A3471F5B42AD00B4F997 /* AppDelegate.swift */; };
		5BF2A34F1F5B42AD00B4F997 /* Assets.xcassets in Resources */ = {isa = PBXBuildFile; fileRef = 5BF2A34E1F5B42AD00B4F997 /* Assets.xcassets */; };
		5BF2A35D1F5B42AD00B4F997 /* MainObjectTests.swift in Sources */ = {isa = PBXBuildFile; fileRef = 5BF2A35C1F5B42AD00B4F997 /* MainObjectTests.swift */; };
		5BF2A3691F5B437900B4F997 /* MainObject.swift in Sources */ = {isa = PBXBuildFile; fileRef = 5BF2A3681F5B437900B4F997 /* MainObject.swift */; };
		5BF2A36B1F5B43C700B4F997 /* FirstService.swift in Sources */ = {isa = PBXBuildFile; fileRef = 5BF2A36A1F5B43C700B4F997 /* FirstService.swift */; };
		5BF2A36D1F5B43CF00B4F997 /* SecondService.swift in Sources */ = {isa = PBXBuildFile; fileRef = 5BF2A36C1F5B43CF00B4F997 /* SecondService.swift */; };
		5BF2A36F1F5B45F500B4F997 /* MockFirstService.swift in Sources */ = {isa = PBXBuildFile; fileRef = 5BF2A36E1F5B45F500B4F997 /* MockFirstService.swift */; };
		5BF2A3711F5B45FE00B4F997 /* MockSecondService.swift in Sources */ = {isa = PBXBuildFile; fileRef = 5BF2A3701F5B45FE00B4F997 /* MockSecondService.swift */; };
		5BF2A3731F5B469F00B4F997 /* Mock.swift in Sources */ = {isa = PBXBuildFile; fileRef = 5BF2A3721F5B469F00B4F997 /* Mock.swift */; };
		5BF2A3751F5B46D000B4F997 /* MockManager.swift in Sources */ = {isa = PBXBuildFile; fileRef = 5BF2A3741F5B46D000B4F997 /* MockManager.swift */; };
/* End PBXBuildFile section */

/* Begin PBXContainerItemProxy section */
		5BF2A3591F5B42AD00B4F997 /* PBXContainerItemProxy */ = {
			isa = PBXContainerItemProxy;
			containerPortal = 5BF2A33C1F5B42AD00B4F997 /* Project object */;
			proxyType = 1;
			remoteGlobalIDString = 5BF2A3431F5B42AD00B4F997;
			remoteInfo = MirageExample;
		};
/* End PBXContainerItemProxy section */

/* Begin PBXFileReference section */
		5B96A2371F69B41F00458BAD /* PartialMock.swift */ = {isa = PBXFileReference; fileEncoding = 4; lastKnownFileType = sourcecode.swift; path = PartialMock.swift; sourceTree = "<group>"; };
		5B96A2391F69C41500458BAD /* PartialMockMainObject.swift */ = {isa = PBXFileReference; fileEncoding = 4; lastKnownFileType = sourcecode.swift; path = PartialMockMainObject.swift; sourceTree = "<group>"; };
		5BA1C95C1F5B55F900E3B669 /* CallTimesVerificator.swift */ = {isa = PBXFileReference; fileEncoding = 4; lastKnownFileType = sourcecode.swift; path = CallTimesVerificator.swift; sourceTree = "<group>"; };
		5BE4226A1F6712B500D762C7 /* Stub.swift */ = {isa = PBXFileReference; fileEncoding = 4; lastKnownFileType = sourcecode.swift; path = Stub.swift; sourceTree = "<group>"; };
		5BE4226C1F6716DA00D762C7 /* StubAction.swift */ = {isa = PBXFileReference; fileEncoding = 4; lastKnownFileType = sourcecode.swift; path = StubAction.swift; sourceTree = "<group>"; };
		5BF2A3441F5B42AD00B4F997 /* MirageExample.app */ = {isa = PBXFileReference; explicitFileType = wrapper.application; includeInIndex = 0; path = MirageExample.app; sourceTree = BUILT_PRODUCTS_DIR; };
		5BF2A3471F5B42AD00B4F997 /* AppDelegate.swift */ = {isa = PBXFileReference; lastKnownFileType = sourcecode.swift; path = AppDelegate.swift; sourceTree = "<group>"; };
		5BF2A34E1F5B42AD00B4F997 /* Assets.xcassets */ = {isa = PBXFileReference; lastKnownFileType = folder.assetcatalog; path = Assets.xcassets; sourceTree = "<group>"; };
		5BF2A3531F5B42AD00B4F997 /* Info.plist */ = {isa = PBXFileReference; lastKnownFileType = text.plist.xml; path = Info.plist; sourceTree = "<group>"; };
		5BF2A3581F5B42AD00B4F997 /* MirageExampleTests.xctest */ = {isa = PBXFileReference; explicitFileType = wrapper.cfbundle; includeInIndex = 0; path = MirageExampleTests.xctest; sourceTree = BUILT_PRODUCTS_DIR; };
		5BF2A35C1F5B42AD00B4F997 /* MainObjectTests.swift */ = {isa = PBXFileReference; lastKnownFileType = sourcecode.swift; path = MainObjectTests.swift; sourceTree = "<group>"; };
		5BF2A35E1F5B42AD00B4F997 /* Info.plist */ = {isa = PBXFileReference; lastKnownFileType = text.plist.xml; path = Info.plist; sourceTree = "<group>"; };
		5BF2A3681F5B437900B4F997 /* MainObject.swift */ = {isa = PBXFileReference; fileEncoding = 4; lastKnownFileType = sourcecode.swift; path = MainObject.swift; sourceTree = "<group>"; };
		5BF2A36A1F5B43C700B4F997 /* FirstService.swift */ = {isa = PBXFileReference; fileEncoding = 4; lastKnownFileType = sourcecode.swift; path = FirstService.swift; sourceTree = "<group>"; };
		5BF2A36C1F5B43CF00B4F997 /* SecondService.swift */ = {isa = PBXFileReference; fileEncoding = 4; lastKnownFileType = sourcecode.swift; path = SecondService.swift; sourceTree = "<group>"; };
		5BF2A36E1F5B45F500B4F997 /* MockFirstService.swift */ = {isa = PBXFileReference; fileEncoding = 4; lastKnownFileType = sourcecode.swift; path = MockFirstService.swift; sourceTree = "<group>"; };
		5BF2A3701F5B45FE00B4F997 /* MockSecondService.swift */ = {isa = PBXFileReference; fileEncoding = 4; lastKnownFileType = sourcecode.swift; path = MockSecondService.swift; sourceTree = "<group>"; };
		5BF2A3721F5B469F00B4F997 /* Mock.swift */ = {isa = PBXFileReference; fileEncoding = 4; lastKnownFileType = sourcecode.swift; path = Mock.swift; sourceTree = "<group>"; };
		5BF2A3741F5B46D000B4F997 /* MockManager.swift */ = {isa = PBXFileReference; fileEncoding = 4; lastKnownFileType = sourcecode.swift; path = MockManager.swift; sourceTree = "<group>"; };
/* End PBXFileReference section */

/* Begin PBXFrameworksBuildPhase section */
		5BF2A3411F5B42AD00B4F997 /* Frameworks */ = {
			isa = PBXFrameworksBuildPhase;
			buildActionMask = 2147483647;
			files = (
			);
			runOnlyForDeploymentPostprocessing = 0;
		};
		5BF2A3551F5B42AD00B4F997 /* Frameworks */ = {
			isa = PBXFrameworksBuildPhase;
			buildActionMask = 2147483647;
			files = (
			);
			runOnlyForDeploymentPostprocessing = 0;
		};
/* End PBXFrameworksBuildPhase section */

/* Begin PBXGroup section */
		5BF2A33B1F5B42AD00B4F997 = {
			isa = PBXGroup;
			children = (
				5BF2A3461F5B42AD00B4F997 /* MirageExample */,
				5BF2A35B1F5B42AD00B4F997 /* MirageExampleTests */,
				5BF2A3451F5B42AD00B4F997 /* Products */,
			);
			sourceTree = "<group>";
		};
		5BF2A3451F5B42AD00B4F997 /* Products */ = {
			isa = PBXGroup;
			children = (
				5BF2A3441F5B42AD00B4F997 /* MirageExample.app */,
				5BF2A3581F5B42AD00B4F997 /* MirageExampleTests.xctest */,
			);
			name = Products;
			sourceTree = "<group>";
		};
		5BF2A3461F5B42AD00B4F997 /* MirageExample */ = {
			isa = PBXGroup;
			children = (
				5BF2A3471F5B42AD00B4F997 /* AppDelegate.swift */,
				5BF2A3681F5B437900B4F997 /* MainObject.swift */,
				5BF2A36A1F5B43C700B4F997 /* FirstService.swift */,
				5BF2A36C1F5B43CF00B4F997 /* SecondService.swift */,
				5BF2A34E1F5B42AD00B4F997 /* Assets.xcassets */,
				5BF2A3531F5B42AD00B4F997 /* Info.plist */,
			);
			path = MirageExample;
			sourceTree = "<group>";
		};
		5BF2A35B1F5B42AD00B4F997 /* MirageExampleTests */ = {
			isa = PBXGroup;
			children = (
				5BF2A3671F5B431700B4F997 /* Mirage */,
				5BF2A35C1F5B42AD00B4F997 /* MainObjectTests.swift */,
				5B96A2391F69C41500458BAD /* PartialMockMainObject.swift */,
				5BF2A36E1F5B45F500B4F997 /* MockFirstService.swift */,
				5BF2A3701F5B45FE00B4F997 /* MockSecondService.swift */,
				5BF2A35E1F5B42AD00B4F997 /* Info.plist */,
			);
			path = MirageExampleTests;
			sourceTree = "<group>";
		};
		5BF2A3671F5B431700B4F997 /* Mirage */ = {
			isa = PBXGroup;
			children = (
				5BF2A3721F5B469F00B4F997 /* Mock.swift */,
				5B96A2371F69B41F00458BAD /* PartialMock.swift */,
				5BF2A3741F5B46D000B4F997 /* MockManager.swift */,
				5BA1C95C1F5B55F900E3B669 /* CallTimesVerificator.swift */,
				5BE4226A1F6712B500D762C7 /* Stub.swift */,
				5BE4226C1F6716DA00D762C7 /* StubAction.swift */,
			);
			name = Mirage;
			path = ../../Mirage;
			sourceTree = "<group>";
		};
/* End PBXGroup section */

/* Begin PBXNativeTarget section */
		5BF2A3431F5B42AD00B4F997 /* MirageExample */ = {
			isa = PBXNativeTarget;
			buildConfigurationList = 5BF2A3611F5B42AD00B4F997 /* Build configuration list for PBXNativeTarget "MirageExample" */;
			buildPhases = (
				5BF2A3401F5B42AD00B4F997 /* Sources */,
				5BF2A3411F5B42AD00B4F997 /* Frameworks */,
				5BF2A3421F5B42AD00B4F997 /* Resources */,
			);
			buildRules = (
			);
			dependencies = (
			);
			name = MirageExample;
			productName = MirageExample;
			productReference = 5BF2A3441F5B42AD00B4F997 /* MirageExample.app */;
			productType = "com.apple.product-type.application";
		};
		5BF2A3571F5B42AD00B4F997 /* MirageExampleTests */ = {
			isa = PBXNativeTarget;
			buildConfigurationList = 5BF2A3641F5B42AD00B4F997 /* Build configuration list for PBXNativeTarget "MirageExampleTests" */;
			buildPhases = (
				5BF2A3541F5B42AD00B4F997 /* Sources */,
				5BF2A3551F5B42AD00B4F997 /* Frameworks */,
				5BF2A3561F5B42AD00B4F997 /* Resources */,
			);
			buildRules = (
			);
			dependencies = (
				5BF2A35A1F5B42AD00B4F997 /* PBXTargetDependency */,
			);
			name = MirageExampleTests;
			productName = MirageExampleTests;
			productReference = 5BF2A3581F5B42AD00B4F997 /* MirageExampleTests.xctest */;
			productType = "com.apple.product-type.bundle.unit-test";
		};
/* End PBXNativeTarget section */

/* Begin PBXProject section */
		5BF2A33C1F5B42AD00B4F997 /* Project object */ = {
			isa = PBXProject;
			attributes = {
				LastSwiftUpdateCheck = 0810;
				LastUpgradeCheck = 0810;
				ORGANIZATIONNAME = "Valeriy Bezuglyy";
				TargetAttributes = {
					5BF2A3431F5B42AD00B4F997 = {
						CreatedOnToolsVersion = 8.1;
						ProvisioningStyle = Automatic;
					};
					5BF2A3571F5B42AD00B4F997 = {
						CreatedOnToolsVersion = 8.1;
						ProvisioningStyle = Automatic;
						TestTargetID = 5BF2A3431F5B42AD00B4F997;
					};
				};
			};
			buildConfigurationList = 5BF2A33F1F5B42AD00B4F997 /* Build configuration list for PBXProject "MirageExample" */;
			compatibilityVersion = "Xcode 3.2";
			developmentRegion = English;
			hasScannedForEncodings = 0;
			knownRegions = (
				en,
				Base,
			);
			mainGroup = 5BF2A33B1F5B42AD00B4F997;
			productRefGroup = 5BF2A3451F5B42AD00B4F997 /* Products */;
			projectDirPath = "";
			projectRoot = "";
			targets = (
				5BF2A3431F5B42AD00B4F997 /* MirageExample */,
				5BF2A3571F5B42AD00B4F997 /* MirageExampleTests */,
			);
		};
/* End PBXProject section */

/* Begin PBXResourcesBuildPhase section */
		5BF2A3421F5B42AD00B4F997 /* Resources */ = {
			isa = PBXResourcesBuildPhase;
			buildActionMask = 2147483647;
			files = (
				5BF2A34F1F5B42AD00B4F997 /* Assets.xcassets in Resources */,
			);
			runOnlyForDeploymentPostprocessing = 0;
		};
		5BF2A3561F5B42AD00B4F997 /* Resources */ = {
			isa = PBXResourcesBuildPhase;
			buildActionMask = 2147483647;
			files = (
			);
			runOnlyForDeploymentPostprocessing = 0;
		};
/* End PBXResourcesBuildPhase section */

/* Begin PBXSourcesBuildPhase section */
		5BF2A3401F5B42AD00B4F997 /* Sources */ = {
			isa = PBXSourcesBuildPhase;
			buildActionMask = 2147483647;
			files = (
				5BF2A3481F5B42AD00B4F997 /* AppDelegate.swift in Sources */,
				5BF2A3691F5B437900B4F997 /* MainObject.swift in Sources */,
				5BF2A36B1F5B43C700B4F997 /* FirstService.swift in Sources */,
				5BF2A36D1F5B43CF00B4F997 /* SecondService.swift in Sources */,
			);
			runOnlyForDeploymentPostprocessing = 0;
		};
		5BF2A3541F5B42AD00B4F997 /* Sources */ = {
			isa = PBXSourcesBuildPhase;
			buildActionMask = 2147483647;
			files = (
				5BF2A3711F5B45FE00B4F997 /* MockSecondService.swift in Sources */,
				5B96A23A1F69C41500458BAD /* PartialMockMainObject.swift in Sources */,
				5BA1C95D1F5B55F900E3B669 /* CallTimesVerificator.swift in Sources */,
				5BF2A36F1F5B45F500B4F997 /* MockFirstService.swift in Sources */,
				5BF2A35D1F5B42AD00B4F997 /* MainObjectTests.swift in Sources */,
				5BF2A3751F5B46D000B4F997 /* MockManager.swift in Sources */,
				5BF2A3731F5B469F00B4F997 /* Mock.swift in Sources */,
				5BE4226B1F6712B500D762C7 /* Stub.swift in Sources */,
				5BE4226D1F6716DA00D762C7 /* StubAction.swift in Sources */,
				5B96A2381F69B41F00458BAD /* PartialMock.swift in Sources */,
			);
			runOnlyForDeploymentPostprocessing = 0;
		};
/* End PBXSourcesBuildPhase section */

/* Begin PBXTargetDependency section */
		5BF2A35A1F5B42AD00B4F997 /* PBXTargetDependency */ = {
			isa = PBXTargetDependency;
			target = 5BF2A3431F5B42AD00B4F997 /* MirageExample */;
			targetProxy = 5BF2A3591F5B42AD00B4F997 /* PBXContainerItemProxy */;
		};
/* End PBXTargetDependency section */

/* Begin XCBuildConfiguration section */
		5BF2A35F1F5B42AD00B4F997 /* Debug */ = {
			isa = XCBuildConfiguration;
			buildSettings = {
				ALWAYS_SEARCH_USER_PATHS = NO;
				CLANG_ANALYZER_NONNULL = YES;
				CLANG_CXX_LANGUAGE_STANDARD = "gnu++0x";
				CLANG_CXX_LIBRARY = "libc++";
				CLANG_ENABLE_MODULES = YES;
				CLANG_ENABLE_OBJC_ARC = YES;
				CLANG_WARN_BOOL_CONVERSION = YES;
				CLANG_WARN_CONSTANT_CONVERSION = YES;
				CLANG_WARN_DIRECT_OBJC_ISA_USAGE = YES_ERROR;
				CLANG_WARN_DOCUMENTATION_COMMENTS = YES;
				CLANG_WARN_EMPTY_BODY = YES;
				CLANG_WARN_ENUM_CONVERSION = YES;
				CLANG_WARN_INFINITE_RECURSION = YES;
				CLANG_WARN_INT_CONVERSION = YES;
				CLANG_WARN_OBJC_ROOT_CLASS = YES_ERROR;
				CLANG_WARN_SUSPICIOUS_MOVES = YES;
				CLANG_WARN_UNREACHABLE_CODE = YES;
				CLANG_WARN__DUPLICATE_METHOD_MATCH = YES;
				"CODE_SIGN_IDENTITY[sdk=iphoneos*]" = "iPhone Developer";
				COPY_PHASE_STRIP = NO;
				DEBUG_INFORMATION_FORMAT = dwarf;
				ENABLE_STRICT_OBJC_MSGSEND = YES;
				ENABLE_TESTABILITY = YES;
				GCC_C_LANGUAGE_STANDARD = gnu99;
				GCC_DYNAMIC_NO_PIC = NO;
				GCC_NO_COMMON_BLOCKS = YES;
				GCC_OPTIMIZATION_LEVEL = 0;
				GCC_PREPROCESSOR_DEFINITIONS = (
					"DEBUG=1",
					"$(inherited)",
				);
				GCC_WARN_64_TO_32_BIT_CONVERSION = YES;
				GCC_WARN_ABOUT_RETURN_TYPE = YES_ERROR;
				GCC_WARN_UNDECLARED_SELECTOR = YES;
				GCC_WARN_UNINITIALIZED_AUTOS = YES_AGGRESSIVE;
				GCC_WARN_UNUSED_FUNCTION = YES;
				GCC_WARN_UNUSED_VARIABLE = YES;
				IPHONEOS_DEPLOYMENT_TARGET = 10.1;
				MTL_ENABLE_DEBUG_INFO = YES;
				ONLY_ACTIVE_ARCH = YES;
				SDKROOT = iphoneos;
				SWIFT_ACTIVE_COMPILATION_CONDITIONS = DEBUG;
				SWIFT_OPTIMIZATION_LEVEL = "-Onone";
			};
			name = Debug;
		};
		5BF2A3601F5B42AD00B4F997 /* Release */ = {
			isa = XCBuildConfiguration;
			buildSettings = {
				ALWAYS_SEARCH_USER_PATHS = NO;
				CLANG_ANALYZER_NONNULL = YES;
				CLANG_CXX_LANGUAGE_STANDARD = "gnu++0x";
				CLANG_CXX_LIBRARY = "libc++";
				CLANG_ENABLE_MODULES = YES;
				CLANG_ENABLE_OBJC_ARC = YES;
				CLANG_WARN_BOOL_CONVERSION = YES;
				CLANG_WARN_CONSTANT_CONVERSION = YES;
				CLANG_WARN_DIRECT_OBJC_ISA_USAGE = YES_ERROR;
				CLANG_WARN_DOCUMENTATION_COMMENTS = YES;
				CLANG_WARN_EMPTY_BODY = YES;
				CLANG_WARN_ENUM_CONVERSION = YES;
				CLANG_WARN_INFINITE_RECURSION = YES;
				CLANG_WARN_INT_CONVERSION = YES;
				CLANG_WARN_OBJC_ROOT_CLASS = YES_ERROR;
				CLANG_WARN_SUSPICIOUS_MOVES = YES;
				CLANG_WARN_UNREACHABLE_CODE = YES;
				CLANG_WARN__DUPLICATE_METHOD_MATCH = YES;
				"CODE_SIGN_IDENTITY[sdk=iphoneos*]" = "iPhone Developer";
				COPY_PHASE_STRIP = NO;
				DEBUG_INFORMATION_FORMAT = "dwarf-with-dsym";
				ENABLE_NS_ASSERTIONS = NO;
				ENABLE_STRICT_OBJC_MSGSEND = YES;
				GCC_C_LANGUAGE_STANDARD = gnu99;
				GCC_NO_COMMON_BLOCKS = YES;
				GCC_WARN_64_TO_32_BIT_CONVERSION = YES;
				GCC_WARN_ABOUT_RETURN_TYPE = YES_ERROR;
				GCC_WARN_UNDECLARED_SELECTOR = YES;
				GCC_WARN_UNINITIALIZED_AUTOS = YES_AGGRESSIVE;
				GCC_WARN_UNUSED_FUNCTION = YES;
				GCC_WARN_UNUSED_VARIABLE = YES;
				IPHONEOS_DEPLOYMENT_TARGET = 10.1;
				MTL_ENABLE_DEBUG_INFO = NO;
				SDKROOT = iphoneos;
				SWIFT_OPTIMIZATION_LEVEL = "-Owholemodule";
				VALIDATE_PRODUCT = YES;
			};
			name = Release;
		};
		5BF2A3621F5B42AD00B4F997 /* Debug */ = {
			isa = XCBuildConfiguration;
			buildSettings = {
				ASSETCATALOG_COMPILER_APPICON_NAME = AppIcon;
				INFOPLIST_FILE = MirageExample/Info.plist;
				LD_RUNPATH_SEARCH_PATHS = "$(inherited) @executable_path/Frameworks";
				PRODUCT_BUNDLE_IDENTIFIER = com.examples.MirageExample;
				PRODUCT_NAME = "$(TARGET_NAME)";
				SWIFT_VERSION = 3.0;
			};
			name = Debug;
		};
		5BF2A3631F5B42AD00B4F997 /* Release */ = {
			isa = XCBuildConfiguration;
			buildSettings = {
				ASSETCATALOG_COMPILER_APPICON_NAME = AppIcon;
				INFOPLIST_FILE = MirageExample/Info.plist;
				LD_RUNPATH_SEARCH_PATHS = "$(inherited) @executable_path/Frameworks";
				PRODUCT_BUNDLE_IDENTIFIER = com.examples.MirageExample;
				PRODUCT_NAME = "$(TARGET_NAME)";
				SWIFT_VERSION = 3.0;
			};
			name = Release;
		};
		5BF2A3651F5B42AD00B4F997 /* Debug */ = {
			isa = XCBuildConfiguration;
			buildSettings = {
				ALWAYS_EMBED_SWIFT_STANDARD_LIBRARIES = YES;
				BUNDLE_LOADER = "$(TEST_HOST)";
				INFOPLIST_FILE = MirageExampleTests/Info.plist;
				LD_RUNPATH_SEARCH_PATHS = "$(inherited) @executable_path/Frameworks @loader_path/Frameworks";
				PRODUCT_BUNDLE_IDENTIFIER = com.examples.MirageExampleTests;
				PRODUCT_NAME = "$(TARGET_NAME)";
				SWIFT_VERSION = 3.0;
				TEST_HOST = "$(BUILT_PRODUCTS_DIR)/MirageExample.app/MirageExample";
			};
			name = Debug;
		};
		5BF2A3661F5B42AD00B4F997 /* Release */ = {
			isa = XCBuildConfiguration;
			buildSettings = {
				ALWAYS_EMBED_SWIFT_STANDARD_LIBRARIES = YES;
				BUNDLE_LOADER = "$(TEST_HOST)";
				INFOPLIST_FILE = MirageExampleTests/Info.plist;
				LD_RUNPATH_SEARCH_PATHS = "$(inherited) @executable_path/Frameworks @loader_path/Frameworks";
				PRODUCT_BUNDLE_IDENTIFIER = com.examples.MirageExampleTests;
				PRODUCT_NAME = "$(TARGET_NAME)";
				SWIFT_VERSION = 3.0;
				TEST_HOST = "$(BUILT_PRODUCTS_DIR)/MirageExample.app/MirageExample";
			};
			name = Release;
		};
/* End XCBuildConfiguration section */

/* Begin XCConfigurationList section */
		5BF2A33F1F5B42AD00B4F997 /* Build configuration list for PBXProject "MirageExample" */ = {
			isa = XCConfigurationList;
			buildConfigurations = (
				5BF2A35F1F5B42AD00B4F997 /* Debug */,
				5BF2A3601F5B42AD00B4F997 /* Release */,
			);
			defaultConfigurationIsVisible = 0;
			defaultConfigurationName = Release;
		};
		5BF2A3611F5B42AD00B4F997 /* Build configuration list for PBXNativeTarget "MirageExample" */ = {
			isa = XCConfigurationList;
			buildConfigurations = (
				5BF2A3621F5B42AD00B4F997 /* Debug */,
				5BF2A3631F5B42AD00B4F997 /* Release */,
			);
			defaultConfigurationIsVisible = 0;
			defaultConfigurationName = Release;
		};
		5BF2A3641F5B42AD00B4F997 /* Build configuration list for PBXNativeTarget "MirageExampleTests" */ = {
			isa = XCConfigurationList;
			buildConfigurations = (
				5BF2A3651F5B42AD00B4F997 /* Debug */,
				5BF2A3661F5B42AD00B4F997 /* Release */,
			);
			defaultConfigurationIsVisible = 0;
			defaultConfigurationName = Release;
		};
/* End XCConfigurationList section */
	};
	rootObject = 5BF2A33C1F5B42AD00B4F997 /* Project object */;
}
